{
  "name": "@zyrexnns/niskava-agent",
  "version": "0.1.4",
  "lockfileVersion": 3,
  "requires": true,
  "packages": {
    "": {
      "name": "@zyrexnns/niskava-agent",
      "version": "0.1.4",
      "hasInstallScript": true,
      "license": "Apache-2.0",
      "dependencies": {
        "@zyrexnns/niskava-agent": "^0.1.4"
      },
      "bin": {
        "niskava": "bin/index.js",
        "niskava-agent": "bin/index.js"
      },
      "engines": {
        "node": ">=18"
      }
    },
    "node_modules/@zyrexnns/niskava-agent": {
      "version": "0.1.4",
      "resolved": "https://registry.npmjs.org/@zyrexnns/niskava-agent/-/niskava-agent-0.1.4.tgz",
      "integrity": "sha512-wOebwMamZbqsSc0Gs9P+zcLfy98ZEvDFTblxhS3IZcC9DyYVV8D9u9txX+4oJvVAD/wL/qkXIS98wcCQBNZYDA==",
      "hasInstallScript": true,
      "license": "Apache-2.0",
      "bin": {
        "niskava": "bin/index.js",
        "niskava-agent": "bin/index.js"
      },
      "engines": {
        "node": ">=18"
      }
    }
  }
}
